
Microsoft Visual Studio Solution File, Format Version 12.00
# Visual Studio 15
VisualStudioVersion = 15.0.27004.2005
MinimumVisualStudioVersion = 10.0.40219.1
Project("{9A19103F-16F7-4668-BE54-9A1E7A4F7556}") = "api", "api\api.csproj", "{A6783784-4468-4ACC-AAA1-76B5EA06A610}"
EndProject
Project("{E53339B2-1760-4266-BCC7-CA923CBCF16C}") = "docker-compose", "docker-compose.dcproj", "{BCCE20A5-1F48-428F-9CB3-27B50121C399}"
EndProject
Project("{2150E333-8FDC-42A3-9474-1A3956D46DE8}") = "nginx", "nginx", "{F27E6F72-BE42-41C2-A3BD-908CEAAD97A9}"
	ProjectSection(SolutionItems) = preProject
		nginx\Dockerfile = nginx\Dockerfile
		nginx\nginx.conf = nginx\nginx.conf
	EndProjectSection
EndProject
Global
	GlobalSection(SolutionConfigurationPlatforms) = preSolution
		Debug|Any CPU = Debug|Any CPU
		Release|Any CPU = Release|Any CPU
	EndGlobalSection
	GlobalSection(ProjectConfigurationPlatforms) = postSolution
		{A6783784-4468-4ACC-AAA1-76B5EA06A610}.Debug|Any CPU.ActiveCfg = Debug|Any CPU
		{A6783784-4468-4ACC-AAA1-76B5EA06A610}.Debug|Any CPU.Build.0 = Debug|Any CPU
		{A6783784-4468-4ACC-AAA1-76B5EA06A610}.Release|Any CPU.ActiveCfg = Release|Any CPU
		{A6783784-4468-4ACC-AAA1-76B5EA06A610}.Release|Any CPU.Build.0 = Release|Any CPU
		{BCCE20A5-1F48-428F-9CB3-27B50121C399}.Debug|Any CPU.ActiveCfg = Debug|Any CPU
		{BCCE20A5-1F48-428F-9CB3-27B50121C399}.Debug|Any CPU.Build.0 = Debug|Any CPU
		{BCCE20A5-1F48-428F-9CB3-27B50121C399}.Release|Any CPU.ActiveCfg = Release|Any CPU
		{BCCE20A5-1F48-428F-9CB3-27B50121C399}.Release|Any CPU.Build.0 = Release|Any CPU
	EndGlobalSection
	GlobalSection(SolutionProperties) = preSolution
		HideSolutionNode = FALSE
	EndGlobalSection
	GlobalSection(ExtensibilityGlobals) = postSolution
		SolutionGuid = {0F227E43-90FE-456A-848D-1F05226DC105}
	EndGlobalSection
EndGlobal
